
Microsoft Visual Studio Solution File, Format Version 12.00
# Visual Studio Version 16
VisualStudioVersion = 16.0.31129.286
MinimumVisualStudioVersion = 10.0.40219.1
Project("{9A19103F-16F7-4668-BE54-9A1E7A4F7556}") = "SugarChat.Core", "src\SugarChat.Core\SugarChat.Core.csproj", "{31A5A2AB-B657-491F-8260-F4378AD8864C}"
EndProject
Project("{2150E333-8FDC-42A3-9474-1A3956D46DE8}") = "src", "src", "{646031C8-9701-473A-B858-4BCE64C96A60}"
EndProject
Project("{2150E333-8FDC-42A3-9474-1A3956D46DE8}") = "test", "test", "{03EBFF00-5DD7-4DA7-94A2-EB3A4239910F}"
EndProject
Project("{9A19103F-16F7-4668-BE54-9A1E7A4F7556}") = "SugarChat.UnitTest", "test\SugarChat.UnitTest\SugarChat.UnitTest.csproj", "{692DBD44-28F0-4221-9831-DB3BE7D01DB9}"
EndProject
Project("{9A19103F-16F7-4668-BE54-9A1E7A4F7556}") = "SugarChat.IntegrationTest", "test\SugarChat.IntegrationTest\SugarChat.IntegrationTest.csproj", "{F677FE36-4A74-4AF0-B8B5-E49B89AD57A4}"
EndProject
Project("{9A19103F-16F7-4668-BE54-9A1E7A4F7556}") = "SugarChat.WebApi", "src\SugarChat.WebApi\SugarChat.WebApi.csproj", "{C8A270E6-CBC4-413F-9F04-4A0987C25F0C}"
EndProject
Project("{9A19103F-16F7-4668-BE54-9A1E7A4F7556}") = "SugarChat.Core.Autofac", "src\SugarChat.Core.Autofac\SugarChat.Core.Autofac.csproj", "{D65FCD98-1AC8-4458-BDF9-7F21A6470B35}"
EndProject
Project("{9A19103F-16F7-4668-BE54-9A1E7A4F7556}") = "SugarChat.Data.MongoDb.Autofac", "src\SugarChat.Database.MongoDb.Autofac\SugarChat.Data.MongoDb.Autofac.csproj", "{95D1C391-9D23-46E1-A2C7-A3192D9CAC03}"
EndProject
Project("{9A19103F-16F7-4668-BE54-9A1E7A4F7556}") = "SugarChat.Message", "src\SugarChat.Message\SugarChat.Message.csproj", "{C19D68EF-31E3-4E61-9082-2B3FAC46A408}"
EndProject
Project("{9A19103F-16F7-4668-BE54-9A1E7A4F7556}") = "SugarChat.Data.MongoDb", "src\SugarChat.MongoDb\SugarChat.Data.MongoDb.csproj", "{680056B8-CA4F-47F4-A9E7-F6BF8C77B7BA}"
EndProject
Project("{9A19103F-16F7-4668-BE54-9A1E7A4F7556}") = "SugarChat.Push.AzureNotification", "src\SugarChat.Push.AzureNotification\SugarChat.Push.AzureNotification.csproj", "{9C4090A8-A72D-407B-8F0D-329F36C194AB}"
EndProject
Project("{9A19103F-16F7-4668-BE54-9A1E7A4F7556}") = "SugarChat.Push.SignalR", "src\SugarChat.Push.SignalR\SugarChat.Push.SignalR.csproj", "{F7B1D457-55F2-4025-8D3E-1F010B9CC9DD}"
EndProject
Project("{9A19103F-16F7-4668-BE54-9A1E7A4F7556}") = "SugarChat.Security", "src\SugarChat.Security\SugarChat.Security.csproj", "{9DE8BFA1-6158-46A2-817A-8AFAA81214E3}"
EndProject
Project("{9A19103F-16F7-4668-BE54-9A1E7A4F7556}") = "SugarChat.Core.UnitTest", "test\SugarChat.Core.UnitTest\SugarChat.Core.UnitTest.csproj", "{2B99E059-3385-45A5-9F18-2F644594B3D8}"
EndProject
Project("{9A19103F-16F7-4668-BE54-9A1E7A4F7556}") = "SugarChat.Database.MongoDb.IntegrationTest", "test\SugarChat.Database.MongoDb.IntegrationTest\SugarChat.Database.MongoDb.IntegrationTest.csproj", "{88E5C262-2115-47B3-97EA-82AE89ACC274}"
EndProject
Project("{9A19103F-16F7-4668-BE54-9A1E7A4F7556}") = "SugarChat.SignalR.Server", "src\SugarChat.SignalR.Server\SugarChat.SignalR.Server.csproj", "{A4152B10-C611-46F3-9B61-529FDC62D9CE}"
EndProject
Project("{9A19103F-16F7-4668-BE54-9A1E7A4F7556}") = "SugarChat.Shared", "src\SugarChat.Shared\SugarChat.Shared.csproj", "{95669E4D-8538-484B-AEE5-01D6EF95C14B}"
EndProject
Project("{FAE04EC0-301F-11D3-BF4B-00C04F79EFBC}") = "SugarChat.SignalR.ServerClient", "src\SugarChat.SignalR.ServerClient\SugarChat.SignalR.ServerClient.csproj", "{4ACC117E-9BF5-4F68-B798-5A88C6D01333}"
EndProject
Global
	GlobalSection(SolutionConfigurationPlatforms) = preSolution
		Debug|Any CPU = Debug|Any CPU
		Release|Any CPU = Release|Any CPU
	EndGlobalSection
	GlobalSection(ProjectConfigurationPlatforms) = postSolution
		{31A5A2AB-B657-491F-8260-F4378AD8864C}.Debug|Any CPU.ActiveCfg = Debug|Any CPU
		{31A5A2AB-B657-491F-8260-F4378AD8864C}.Debug|Any CPU.Build.0 = Debug|Any CPU
		{31A5A2AB-B657-491F-8260-F4378AD8864C}.Release|Any CPU.ActiveCfg = Release|Any CPU
		{31A5A2AB-B657-491F-8260-F4378AD8864C}.Release|Any CPU.Build.0 = Release|Any CPU
		{692DBD44-28F0-4221-9831-DB3BE7D01DB9}.Debug|Any CPU.ActiveCfg = Debug|Any CPU
		{692DBD44-28F0-4221-9831-DB3BE7D01DB9}.Debug|Any CPU.Build.0 = Debug|Any CPU
		{692DBD44-28F0-4221-9831-DB3BE7D01DB9}.Release|Any CPU.ActiveCfg = Release|Any CPU
		{692DBD44-28F0-4221-9831-DB3BE7D01DB9}.Release|Any CPU.Build.0 = Release|Any CPU
		{F677FE36-4A74-4AF0-B8B5-E49B89AD57A4}.Debug|Any CPU.ActiveCfg = Debug|Any CPU
		{F677FE36-4A74-4AF0-B8B5-E49B89AD57A4}.Debug|Any CPU.Build.0 = Debug|Any CPU
		{F677FE36-4A74-4AF0-B8B5-E49B89AD57A4}.Release|Any CPU.ActiveCfg = Release|Any CPU
		{F677FE36-4A74-4AF0-B8B5-E49B89AD57A4}.Release|Any CPU.Build.0 = Release|Any CPU
		{C8A270E6-CBC4-413F-9F04-4A0987C25F0C}.Debug|Any CPU.ActiveCfg = Debug|Any CPU
		{C8A270E6-CBC4-413F-9F04-4A0987C25F0C}.Debug|Any CPU.Build.0 = Debug|Any CPU
		{C8A270E6-CBC4-413F-9F04-4A0987C25F0C}.Release|Any CPU.ActiveCfg = Release|Any CPU
		{C8A270E6-CBC4-413F-9F04-4A0987C25F0C}.Release|Any CPU.Build.0 = Release|Any CPU
		{D65FCD98-1AC8-4458-BDF9-7F21A6470B35}.Debug|Any CPU.ActiveCfg = Debug|Any CPU
		{D65FCD98-1AC8-4458-BDF9-7F21A6470B35}.Debug|Any CPU.Build.0 = Debug|Any CPU
		{D65FCD98-1AC8-4458-BDF9-7F21A6470B35}.Release|Any CPU.ActiveCfg = Release|Any CPU
		{D65FCD98-1AC8-4458-BDF9-7F21A6470B35}.Release|Any CPU.Build.0 = Release|Any CPU
		{95D1C391-9D23-46E1-A2C7-A3192D9CAC03}.Debug|Any CPU.ActiveCfg = Debug|Any CPU
		{95D1C391-9D23-46E1-A2C7-A3192D9CAC03}.Debug|Any CPU.Build.0 = Debug|Any CPU
		{95D1C391-9D23-46E1-A2C7-A3192D9CAC03}.Release|Any CPU.ActiveCfg = Release|Any CPU
		{95D1C391-9D23-46E1-A2C7-A3192D9CAC03}.Release|Any CPU.Build.0 = Release|Any CPU
		{C19D68EF-31E3-4E61-9082-2B3FAC46A408}.Debug|Any CPU.ActiveCfg = Debug|Any CPU
		{C19D68EF-31E3-4E61-9082-2B3FAC46A408}.Debug|Any CPU.Build.0 = Debug|Any CPU
		{C19D68EF-31E3-4E61-9082-2B3FAC46A408}.Release|Any CPU.ActiveCfg = Release|Any CPU
		{C19D68EF-31E3-4E61-9082-2B3FAC46A408}.Release|Any CPU.Build.0 = Release|Any CPU
		{680056B8-CA4F-47F4-A9E7-F6BF8C77B7BA}.Debug|Any CPU.ActiveCfg = Debug|Any CPU
		{680056B8-CA4F-47F4-A9E7-F6BF8C77B7BA}.Debug|Any CPU.Build.0 = Debug|Any CPU
		{680056B8-CA4F-47F4-A9E7-F6BF8C77B7BA}.Release|Any CPU.ActiveCfg = Release|Any CPU
		{680056B8-CA4F-47F4-A9E7-F6BF8C77B7BA}.Release|Any CPU.Build.0 = Release|Any CPU
		{9C4090A8-A72D-407B-8F0D-329F36C194AB}.Debug|Any CPU.ActiveCfg = Debug|Any CPU
		{9C4090A8-A72D-407B-8F0D-329F36C194AB}.Debug|Any CPU.Build.0 = Debug|Any CPU
		{9C4090A8-A72D-407B-8F0D-329F36C194AB}.Release|Any CPU.ActiveCfg = Release|Any CPU
		{9C4090A8-A72D-407B-8F0D-329F36C194AB}.Release|Any CPU.Build.0 = Release|Any CPU
		{F7B1D457-55F2-4025-8D3E-1F010B9CC9DD}.Debug|Any CPU.ActiveCfg = Debug|Any CPU
		{F7B1D457-55F2-4025-8D3E-1F010B9CC9DD}.Debug|Any CPU.Build.0 = Debug|Any CPU
		{F7B1D457-55F2-4025-8D3E-1F010B9CC9DD}.Release|Any CPU.ActiveCfg = Release|Any CPU
		{F7B1D457-55F2-4025-8D3E-1F010B9CC9DD}.Release|Any CPU.Build.0 = Release|Any CPU
		{9DE8BFA1-6158-46A2-817A-8AFAA81214E3}.Debug|Any CPU.ActiveCfg = Debug|Any CPU
		{9DE8BFA1-6158-46A2-817A-8AFAA81214E3}.Debug|Any CPU.Build.0 = Debug|Any CPU
		{9DE8BFA1-6158-46A2-817A-8AFAA81214E3}.Release|Any CPU.ActiveCfg = Release|Any CPU
		{9DE8BFA1-6158-46A2-817A-8AFAA81214E3}.Release|Any CPU.Build.0 = Release|Any CPU
		{2B99E059-3385-45A5-9F18-2F644594B3D8}.Debug|Any CPU.ActiveCfg = Debug|Any CPU
		{2B99E059-3385-45A5-9F18-2F644594B3D8}.Debug|Any CPU.Build.0 = Debug|Any CPU
		{2B99E059-3385-45A5-9F18-2F644594B3D8}.Release|Any CPU.ActiveCfg = Release|Any CPU
		{2B99E059-3385-45A5-9F18-2F644594B3D8}.Release|Any CPU.Build.0 = Release|Any CPU
		{88E5C262-2115-47B3-97EA-82AE89ACC274}.Debug|Any CPU.ActiveCfg = Debug|Any CPU
		{88E5C262-2115-47B3-97EA-82AE89ACC274}.Debug|Any CPU.Build.0 = Debug|Any CPU
		{88E5C262-2115-47B3-97EA-82AE89ACC274}.Release|Any CPU.ActiveCfg = Release|Any CPU
		{88E5C262-2115-47B3-97EA-82AE89ACC274}.Release|Any CPU.Build.0 = Release|Any CPU
		{A4152B10-C611-46F3-9B61-529FDC62D9CE}.Debug|Any CPU.ActiveCfg = Debug|Any CPU
		{A4152B10-C611-46F3-9B61-529FDC62D9CE}.Debug|Any CPU.Build.0 = Debug|Any CPU
		{A4152B10-C611-46F3-9B61-529FDC62D9CE}.Release|Any CPU.ActiveCfg = Release|Any CPU
		{A4152B10-C611-46F3-9B61-529FDC62D9CE}.Release|Any CPU.Build.0 = Release|Any CPU
		{95669E4D-8538-484B-AEE5-01D6EF95C14B}.Debug|Any CPU.ActiveCfg = Debug|Any CPU
		{95669E4D-8538-484B-AEE5-01D6EF95C14B}.Debug|Any CPU.Build.0 = Debug|Any CPU
		{95669E4D-8538-484B-AEE5-01D6EF95C14B}.Release|Any CPU.ActiveCfg = Release|Any CPU
		{95669E4D-8538-484B-AEE5-01D6EF95C14B}.Release|Any CPU.Build.0 = Release|Any CPU
		{4ACC117E-9BF5-4F68-B798-5A88C6D01333}.Debug|Any CPU.ActiveCfg = Debug|Any CPU
		{4ACC117E-9BF5-4F68-B798-5A88C6D01333}.Debug|Any CPU.Build.0 = Debug|Any CPU
		{4ACC117E-9BF5-4F68-B798-5A88C6D01333}.Release|Any CPU.ActiveCfg = Release|Any CPU
		{4ACC117E-9BF5-4F68-B798-5A88C6D01333}.Release|Any CPU.Build.0 = Release|Any CPU
	EndGlobalSection
	GlobalSection(SolutionProperties) = preSolution
		HideSolutionNode = FALSE
	EndGlobalSection
	GlobalSection(NestedProjects) = preSolution
		{31A5A2AB-B657-491F-8260-F4378AD8864C} = {646031C8-9701-473A-B858-4BCE64C96A60}
		{692DBD44-28F0-4221-9831-DB3BE7D01DB9} = {03EBFF00-5DD7-4DA7-94A2-EB3A4239910F}
		{F677FE36-4A74-4AF0-B8B5-E49B89AD57A4} = {03EBFF00-5DD7-4DA7-94A2-EB3A4239910F}
		{C8A270E6-CBC4-413F-9F04-4A0987C25F0C} = {646031C8-9701-473A-B858-4BCE64C96A60}
		{D65FCD98-1AC8-4458-BDF9-7F21A6470B35} = {646031C8-9701-473A-B858-4BCE64C96A60}
		{95D1C391-9D23-46E1-A2C7-A3192D9CAC03} = {646031C8-9701-473A-B858-4BCE64C96A60}
		{C19D68EF-31E3-4E61-9082-2B3FAC46A408} = {646031C8-9701-473A-B858-4BCE64C96A60}
		{680056B8-CA4F-47F4-A9E7-F6BF8C77B7BA} = {646031C8-9701-473A-B858-4BCE64C96A60}
		{9C4090A8-A72D-407B-8F0D-329F36C194AB} = {646031C8-9701-473A-B858-4BCE64C96A60}
		{F7B1D457-55F2-4025-8D3E-1F010B9CC9DD} = {646031C8-9701-473A-B858-4BCE64C96A60}
		{9DE8BFA1-6158-46A2-817A-8AFAA81214E3} = {646031C8-9701-473A-B858-4BCE64C96A60}
		{2B99E059-3385-45A5-9F18-2F644594B3D8} = {03EBFF00-5DD7-4DA7-94A2-EB3A4239910F}
		{88E5C262-2115-47B3-97EA-82AE89ACC274} = {03EBFF00-5DD7-4DA7-94A2-EB3A4239910F}
		{A4152B10-C611-46F3-9B61-529FDC62D9CE} = {646031C8-9701-473A-B858-4BCE64C96A60}
		{95669E4D-8538-484B-AEE5-01D6EF95C14B} = {646031C8-9701-473A-B858-4BCE64C96A60}
		{4ACC117E-9BF5-4F68-B798-5A88C6D01333} = {646031C8-9701-473A-B858-4BCE64C96A60}
	EndGlobalSection
	GlobalSection(ExtensibilityGlobals) = postSolution
		SolutionGuid = {18893F6A-7736-476C-90CF-A0257C41D831}
	EndGlobalSection
EndGlobal
